
Microsoft Visual Studio Solution File, Format Version 12.00
# Visual Studio Version 16
VisualStudioVersion = 16.0.30804.86
MinimumVisualStudioVersion = 10.0.40219.1
Project("{FAE04EC0-301F-11D3-BF4B-00C04F79EFBC}") = "BeesApp", "BeesApp\BeesApp.csproj", "{A0A95E01-ABFF-4BF1-8B5C-89AE9A0CFE2E}"
EndProject
Global
	GlobalSection(SolutionConfigurationPlatforms) = preSolution
		Debug|Any CPU = Debug|Any CPU
		Release|Any CPU = Release|Any CPU
	EndGlobalSection
	GlobalSection(ProjectConfigurationPlatforms) = postSolution
		{A0A95E01-ABFF-4BF1-8B5C-89AE9A0CFE2E}.Debug|Any CPU.ActiveCfg = Debug|Any CPU
		{A0A95E01-ABFF-4BF1-8B5C-89AE9A0CFE2E}.Debug|Any CPU.Build.0 = Debug|Any CPU
		{A0A95E01-ABFF-4BF1-8B5C-89AE9A0CFE2E}.Release|Any CPU.ActiveCfg = Release|Any CPU
		{A0A95E01-ABFF-4BF1-8B5C-89AE9A0CFE2E}.Release|Any CPU.Build.0 = Release|Any CPU
	EndGlobalSection
	GlobalSection(SolutionProperties) = preSolution
		HideSolutionNode = FALSE
	EndGlobalSection
	GlobalSection(ExtensibilityGlobals) = postSolution
		SolutionGuid = {7CE65C55-CAE9-4442-8A50-3E502C5D84FD}
	EndGlobalSection
EndGlobal
